
Microsoft Visual Studio Solution File, Format Version 12.00
# Visual Studio Version 16
VisualStudioVersion = 16.0.30104.148
MinimumVisualStudioVersion = 10.0.40219.1
Project("{FAE04EC0-301F-11D3-BF4B-00C04F79EFBC}") = "ISAD1577", "ISAD1577\ISAD1577.csproj", "{338DDDF3-9047-432E-9ACC-FF479AB05076}"
EndProject
Global
	GlobalSection(SolutionConfigurationPlatforms) = preSolution
		Debug|Any CPU = Debug|Any CPU
		Release|Any CPU = Release|Any CPU
	EndGlobalSection
	GlobalSection(ProjectConfigurationPlatforms) = postSolution
		{338DDDF3-9047-432E-9ACC-FF479AB05076}.Debug|Any CPU.ActiveCfg = Debug|Any CPU
		{338DDDF3-9047-432E-9ACC-FF479AB05076}.Debug|Any CPU.Build.0 = Debug|Any CPU
		{338DDDF3-9047-432E-9ACC-FF479AB05076}.Release|Any CPU.ActiveCfg = Release|Any CPU
		{338DDDF3-9047-432E-9ACC-FF479AB05076}.Release|Any CPU.Build.0 = Release|Any CPU
	EndGlobalSection
	GlobalSection(SolutionProperties) = preSolution
		HideSolutionNode = FALSE
	EndGlobalSection
	GlobalSection(ExtensibilityGlobals) = postSolution
		SolutionGuid = {656E7FD6-6B67-456D-B64E-BE9BD7549F38}
	EndGlobalSection
EndGlobal
